
Microsoft Visual Studio Solution File, Format Version 12.00
# Visual Studio Version 16
VisualStudioVersion = 16.0.31729.503
MinimumVisualStudioVersion = 10.0.40219.1
Project("{FAE04EC0-301F-11D3-BF4B-00C04F79EFBC}") = "Thinkorswim", "Thinkorswim\Thinkorswim.csproj", "{1DCE1328-A843-4F93-8063-70006607E3A8}"
EndProject
Global
	GlobalSection(SolutionConfigurationPlatforms) = preSolution
		Debug|Any CPU = Debug|Any CPU
		Release|Any CPU = Release|Any CPU
	EndGlobalSection
	GlobalSection(ProjectConfigurationPlatforms) = postSolution
		{1DCE1328-A843-4F93-8063-70006607E3A8}.Debug|Any CPU.ActiveCfg = Debug|Any CPU
		{1DCE1328-A843-4F93-8063-70006607E3A8}.Debug|Any CPU.Build.0 = Debug|Any CPU
		{1DCE1328-A843-4F93-8063-70006607E3A8}.Release|Any CPU.ActiveCfg = Release|Any CPU
		{1DCE1328-A843-4F93-8063-70006607E3A8}.Release|Any CPU.Build.0 = Release|Any CPU
	EndGlobalSection
	GlobalSection(SolutionProperties) = preSolution
		HideSolutionNode = FALSE
	EndGlobalSection
	GlobalSection(ExtensibilityGlobals) = postSolution
		SolutionGuid = {8CF44317-D4BA-4EEF-8DCE-0EA5F9ECC365}
	EndGlobalSection
EndGlobal
